
Microsoft Visual Studio Solution File, Format Version 12.00
# Visual Studio Version 16
VisualStudioVersion = 16.0.30907.101
MinimumVisualStudioVersion = 10.0.40219.1
Project("{FAE04EC0-301F-11D3-BF4B-00C04F79EFBC}") = "AspNetCoreWebApp", "AspNetCoreWebApp\AspNetCoreWebApp.csproj", "{C9F796D3-3F68-4BBD-8AF1-BB0AF19A43A6}"
EndProject
Global
	GlobalSection(SolutionConfigurationPlatforms) = preSolution
		Debug|Any CPU = Debug|Any CPU
		Release|Any CPU = Release|Any CPU
	EndGlobalSection
	GlobalSection(ProjectConfigurationPlatforms) = postSolution
		{C9F796D3-3F68-4BBD-8AF1-BB0AF19A43A6}.Debug|Any CPU.ActiveCfg = Debug|Any CPU
		{C9F796D3-3F68-4BBD-8AF1-BB0AF19A43A6}.Debug|Any CPU.Build.0 = Debug|Any CPU
		{C9F796D3-3F68-4BBD-8AF1-BB0AF19A43A6}.Release|Any CPU.ActiveCfg = Release|Any CPU
		{C9F796D3-3F68-4BBD-8AF1-BB0AF19A43A6}.Release|Any CPU.Build.0 = Release|Any CPU
	EndGlobalSection
	GlobalSection(SolutionProperties) = preSolution
		HideSolutionNode = FALSE
	EndGlobalSection
	GlobalSection(ExtensibilityGlobals) = postSolution
		SolutionGuid = {4EF9AE61-C4E7-4636-A814-8A9F732B8823}
	EndGlobalSection
EndGlobal
