
Microsoft Visual Studio Solution File, Format Version 12.00
# Visual Studio Version 17
VisualStudioVersion = 17.12.35707.178
MinimumVisualStudioVersion = 10.0.40219.1
Project("{FAE04EC0-301F-11D3-BF4B-00C04F79EFBC}") = "Demo.WeatherForecastApi", "Demo.WeatherForecastApi\Demo.WeatherForecastApi.csproj", "{0DF8C73B-7D60-4D92-91F3-32706B4270EE}"
EndProject
Project("{FAE04EC0-301F-11D3-BF4B-00C04F79EFBC}") = "Demo.Frontend", "Demo.Frontend\Demo.Frontend.csproj", "{5C43591A-5E5D-406A-91FE-CFF7A60F522B}"
EndProject
Project("{FAE04EC0-301F-11D3-BF4B-00C04F79EFBC}") = "Demo.BackendService", "Demo.BackendService\Demo.BackendService.csproj", "{90C81513-2B05-47CA-BD29-CA1CE59E1951}"
EndProject
Project("{FAE04EC0-301F-11D3-BF4B-00C04F79EFBC}") = "Demo.WeatherForecastApi.Client", "Demo.WeatherForecastApi.Client\Demo.WeatherForecastApi.Client.csproj", "{5FEF1BB8-0816-4357-AF29-24AEE23A7640}"
EndProject
Project("{FAE04EC0-301F-11D3-BF4B-00C04F79EFBC}") = "Demo.Infrastructure.OpenTelemetry", "Demo.Infrastructure.OpenTelemetry\Demo.Infrastructure.OpenTelemetry.csproj", "{C69AC95C-F55C-4253-9987-1B83E9599753}"
EndProject
Global
	GlobalSection(SolutionConfigurationPlatforms) = preSolution
		Debug|Any CPU = Debug|Any CPU
		Release|Any CPU = Release|Any CPU
	EndGlobalSection
	GlobalSection(ProjectConfigurationPlatforms) = postSolution
		{0DF8C73B-7D60-4D92-91F3-32706B4270EE}.Debug|Any CPU.ActiveCfg = Debug|Any CPU
		{0DF8C73B-7D60-4D92-91F3-32706B4270EE}.Debug|Any CPU.Build.0 = Debug|Any CPU
		{0DF8C73B-7D60-4D92-91F3-32706B4270EE}.Release|Any CPU.ActiveCfg = Release|Any CPU
		{0DF8C73B-7D60-4D92-91F3-32706B4270EE}.Release|Any CPU.Build.0 = Release|Any CPU
		{5C43591A-5E5D-406A-91FE-CFF7A60F522B}.Debug|Any CPU.ActiveCfg = Debug|Any CPU
		{5C43591A-5E5D-406A-91FE-CFF7A60F522B}.Debug|Any CPU.Build.0 = Debug|Any CPU
		{5C43591A-5E5D-406A-91FE-CFF7A60F522B}.Release|Any CPU.ActiveCfg = Release|Any CPU
		{5C43591A-5E5D-406A-91FE-CFF7A60F522B}.Release|Any CPU.Build.0 = Release|Any CPU
		{90C81513-2B05-47CA-BD29-CA1CE59E1951}.Debug|Any CPU.ActiveCfg = Debug|Any CPU
		{90C81513-2B05-47CA-BD29-CA1CE59E1951}.Debug|Any CPU.Build.0 = Debug|Any CPU
		{90C81513-2B05-47CA-BD29-CA1CE59E1951}.Release|Any CPU.ActiveCfg = Release|Any CPU
		{90C81513-2B05-47CA-BD29-CA1CE59E1951}.Release|Any CPU.Build.0 = Release|Any CPU
		{5FEF1BB8-0816-4357-AF29-24AEE23A7640}.Debug|Any CPU.ActiveCfg = Debug|Any CPU
		{5FEF1BB8-0816-4357-AF29-24AEE23A7640}.Debug|Any CPU.Build.0 = Debug|Any CPU
		{5FEF1BB8-0816-4357-AF29-24AEE23A7640}.Release|Any CPU.ActiveCfg = Release|Any CPU
		{5FEF1BB8-0816-4357-AF29-24AEE23A7640}.Release|Any CPU.Build.0 = Release|Any CPU
		{C69AC95C-F55C-4253-9987-1B83E9599753}.Debug|Any CPU.ActiveCfg = Debug|Any CPU
		{C69AC95C-F55C-4253-9987-1B83E9599753}.Debug|Any CPU.Build.0 = Debug|Any CPU
		{C69AC95C-F55C-4253-9987-1B83E9599753}.Release|Any CPU.ActiveCfg = Release|Any CPU
		{C69AC95C-F55C-4253-9987-1B83E9599753}.Release|Any CPU.Build.0 = Release|Any CPU
	EndGlobalSection
	GlobalSection(SolutionProperties) = preSolution
		HideSolutionNode = FALSE
	EndGlobalSection
EndGlobal
