
Microsoft Visual Studio Solution File, Format Version 12.00
# Visual Studio 2012
Project("{FAE04EC0-301F-11D3-BF4B-00C04F79EFBC}") = "SelfHost", "SelfHost\SelfHost.csproj", "{9F15FE31-2A35-4387-A884-87F8AF29C01E}"
EndProject
Project("{FAE04EC0-301F-11D3-BF4B-00C04F79EFBC}") = "Shared", "Shared\Shared.csproj", "{5D73AFA1-1E51-4787-BA8A-C16B0336A2EE}"
EndProject
Project("{FAE04EC0-301F-11D3-BF4B-00C04F79EFBC}") = "WebHost", "WebHost\WebHost.csproj", "{2902D993-20CB-4CAB-A195-E04ECF991781}"
EndProject
Project("{2150E333-8FDC-42A3-9474-1A3956D46DE8}") = "Hosts", "Hosts", "{CDC700BC-F768-49C9-BA77-C664EB819DE1}"
EndProject
Global
	GlobalSection(SolutionConfigurationPlatforms) = preSolution
		Debug|Any CPU = Debug|Any CPU
		Release|Any CPU = Release|Any CPU
	EndGlobalSection
	GlobalSection(ProjectConfigurationPlatforms) = postSolution
		{9F15FE31-2A35-4387-A884-87F8AF29C01E}.Debug|Any CPU.ActiveCfg = Debug|Any CPU
		{9F15FE31-2A35-4387-A884-87F8AF29C01E}.Debug|Any CPU.Build.0 = Debug|Any CPU
		{9F15FE31-2A35-4387-A884-87F8AF29C01E}.Release|Any CPU.ActiveCfg = Release|Any CPU
		{9F15FE31-2A35-4387-A884-87F8AF29C01E}.Release|Any CPU.Build.0 = Release|Any CPU
		{5D73AFA1-1E51-4787-BA8A-C16B0336A2EE}.Debug|Any CPU.ActiveCfg = Debug|Any CPU
		{5D73AFA1-1E51-4787-BA8A-C16B0336A2EE}.Debug|Any CPU.Build.0 = Debug|Any CPU
		{5D73AFA1-1E51-4787-BA8A-C16B0336A2EE}.Release|Any CPU.ActiveCfg = Release|Any CPU
		{5D73AFA1-1E51-4787-BA8A-C16B0336A2EE}.Release|Any CPU.Build.0 = Release|Any CPU
		{2902D993-20CB-4CAB-A195-E04ECF991781}.Debug|Any CPU.ActiveCfg = Debug|Any CPU
		{2902D993-20CB-4CAB-A195-E04ECF991781}.Debug|Any CPU.Build.0 = Debug|Any CPU
		{2902D993-20CB-4CAB-A195-E04ECF991781}.Release|Any CPU.ActiveCfg = Release|Any CPU
		{2902D993-20CB-4CAB-A195-E04ECF991781}.Release|Any CPU.Build.0 = Release|Any CPU
	EndGlobalSection
	GlobalSection(SolutionProperties) = preSolution
		HideSolutionNode = FALSE
	EndGlobalSection
	GlobalSection(NestedProjects) = preSolution
		{2902D993-20CB-4CAB-A195-E04ECF991781} = {CDC700BC-F768-49C9-BA77-C664EB819DE1}
		{9F15FE31-2A35-4387-A884-87F8AF29C01E} = {CDC700BC-F768-49C9-BA77-C664EB819DE1}
	EndGlobalSection
EndGlobal
