
Microsoft Visual Studio Solution File, Format Version 12.00
# Visual Studio 2012
Project("{FAE04EC0-301F-11D3-BF4B-00C04F79EFBC}") = "ZmqServiceBus", "ZmqServiceBus\ZmqServiceBus.csproj", "{83104223-ACDD-4CEB-A8FE-7E0ED36ECDB4}"
EndProject
Project("{FAE04EC0-301F-11D3-BF4B-00C04F79EFBC}") = "ZmqServiceBus.Tests", "ZmqServiceBus.Tests\ZmqServiceBus.Tests.csproj", "{905C324D-49E9-4D9B-A9F7-EBF3EC3A4B9C}"
EndProject
Global
	GlobalSection(SolutionConfigurationPlatforms) = preSolution
		Debug|Any CPU = Debug|Any CPU
		Release|Any CPU = Release|Any CPU
	EndGlobalSection
	GlobalSection(ProjectConfigurationPlatforms) = postSolution
		{83104223-ACDD-4CEB-A8FE-7E0ED36ECDB4}.Debug|Any CPU.ActiveCfg = Debug|Any CPU
		{83104223-ACDD-4CEB-A8FE-7E0ED36ECDB4}.Debug|Any CPU.Build.0 = Debug|Any CPU
		{83104223-ACDD-4CEB-A8FE-7E0ED36ECDB4}.Release|Any CPU.ActiveCfg = Release|Any CPU
		{83104223-ACDD-4CEB-A8FE-7E0ED36ECDB4}.Release|Any CPU.Build.0 = Release|Any CPU
		{905C324D-49E9-4D9B-A9F7-EBF3EC3A4B9C}.Debug|Any CPU.ActiveCfg = Debug|Any CPU
		{905C324D-49E9-4D9B-A9F7-EBF3EC3A4B9C}.Debug|Any CPU.Build.0 = Debug|Any CPU
		{905C324D-49E9-4D9B-A9F7-EBF3EC3A4B9C}.Release|Any CPU.ActiveCfg = Release|Any CPU
		{905C324D-49E9-4D9B-A9F7-EBF3EC3A4B9C}.Release|Any CPU.Build.0 = Release|Any CPU
	EndGlobalSection
	GlobalSection(SolutionProperties) = preSolution
		HideSolutionNode = FALSE
	EndGlobalSection
EndGlobal
