
Microsoft Visual Studio Solution File, Format Version 12.00
# Visual Studio 2012
Project("{FAE04EC0-301F-11D3-BF4B-00C04F79EFBC}") = "DisruptorSamples", "DisruptorSamples.csproj", "{B2FA6984-D91B-4D36-B96D-A3544C74AB40}"
EndProject
Project("{FAE04EC0-301F-11D3-BF4B-00C04F79EFBC}") = "DisruptorSamples.Tests", "..\DisruptorSamples.Tests\DisruptorSamples.Tests.csproj", "{311A67E0-EB71-474B-A7A7-B57A3B0E4F5B}"
EndProject
Global
	GlobalSection(SolutionConfigurationPlatforms) = preSolution
		Debug|Any CPU = Debug|Any CPU
		Release|Any CPU = Release|Any CPU
	EndGlobalSection
	GlobalSection(ProjectConfigurationPlatforms) = postSolution
		{B2FA6984-D91B-4D36-B96D-A3544C74AB40}.Debug|Any CPU.ActiveCfg = Debug|Any CPU
		{B2FA6984-D91B-4D36-B96D-A3544C74AB40}.Debug|Any CPU.Build.0 = Debug|Any CPU
		{B2FA6984-D91B-4D36-B96D-A3544C74AB40}.Release|Any CPU.ActiveCfg = Release|Any CPU
		{B2FA6984-D91B-4D36-B96D-A3544C74AB40}.Release|Any CPU.Build.0 = Release|Any CPU
		{311A67E0-EB71-474B-A7A7-B57A3B0E4F5B}.Debug|Any CPU.ActiveCfg = Debug|Any CPU
		{311A67E0-EB71-474B-A7A7-B57A3B0E4F5B}.Debug|Any CPU.Build.0 = Debug|Any CPU
		{311A67E0-EB71-474B-A7A7-B57A3B0E4F5B}.Release|Any CPU.ActiveCfg = Release|Any CPU
		{311A67E0-EB71-474B-A7A7-B57A3B0E4F5B}.Release|Any CPU.Build.0 = Release|Any CPU
	EndGlobalSection
	GlobalSection(SolutionProperties) = preSolution
		HideSolutionNode = FALSE
	EndGlobalSection
EndGlobal
